
Microsoft Visual Studio Solution File, Format Version 12.00
# Visual Studio Version 17
VisualStudioVersion = 17.14.36518.9 d17.14
MinimumVisualStudioVersion = 10.0.40219.1
Project("{FAE04EC0-301F-11D3-BF4B-00C04F79EFBC}") = "LibrarySystem", "LibrarySystem.csproj", "{CD6E6AC3-94AD-4AEE-8C60-F947C8C610B8}"
EndProject
Global
	GlobalSection(SolutionConfigurationPlatforms) = preSolution
		Debug|Any CPU = Debug|Any CPU
		Release|Any CPU = Release|Any CPU
	EndGlobalSection
	GlobalSection(ProjectConfigurationPlatforms) = postSolution
		{CD6E6AC3-94AD-4AEE-8C60-F947C8C610B8}.Debug|Any CPU.ActiveCfg = Debug|Any CPU
		{CD6E6AC3-94AD-4AEE-8C60-F947C8C610B8}.Debug|Any CPU.Build.0 = Debug|Any CPU
		{CD6E6AC3-94AD-4AEE-8C60-F947C8C610B8}.Release|Any CPU.ActiveCfg = Release|Any CPU
		{CD6E6AC3-94AD-4AEE-8C60-F947C8C610B8}.Release|Any CPU.Build.0 = Release|Any CPU
	EndGlobalSection
	GlobalSection(SolutionProperties) = preSolution
		HideSolutionNode = FALSE
	EndGlobalSection
	GlobalSection(ExtensibilityGlobals) = postSolution
		SolutionGuid = {79E60A6A-E30D-44E3-B38C-2CCC3447BC02}
	EndGlobalSection
EndGlobal
